
Microsoft Visual Studio Solution File, Format Version 12.00
# Visual Studio 15
VisualStudioVersion = 15.0.28307.645
MinimumVisualStudioVersion = 10.0.40219.1
Project("{FAE04EC0-301F-11D3-BF4B-00C04F79EFBC}") = "ECommerce", "ECommerce\ECommerce.csproj", "{B5B4F2C4-BD80-4955-8048-2FEB8A817819}"
EndProject
Global
	GlobalSection(SolutionConfigurationPlatforms) = preSolution
		Debug|Any CPU = Debug|Any CPU
		Release|Any CPU = Release|Any CPU
	EndGlobalSection
	GlobalSection(ProjectConfigurationPlatforms) = postSolution
		{B5B4F2C4-BD80-4955-8048-2FEB8A817819}.Debug|Any CPU.ActiveCfg = Debug|Any CPU
		{B5B4F2C4-BD80-4955-8048-2FEB8A817819}.Debug|Any CPU.Build.0 = Debug|Any CPU
		{B5B4F2C4-BD80-4955-8048-2FEB8A817819}.Release|Any CPU.ActiveCfg = Release|Any CPU
		{B5B4F2C4-BD80-4955-8048-2FEB8A817819}.Release|Any CPU.Build.0 = Release|Any CPU
	EndGlobalSection
	GlobalSection(SolutionProperties) = preSolution
		HideSolutionNode = FALSE
	EndGlobalSection
	GlobalSection(ExtensibilityGlobals) = postSolution
		SolutionGuid = {FF531400-E10C-4C49-985E-A70A6058AB18}
	EndGlobalSection
EndGlobal
